
Microsoft Visual Studio Solution File, Format Version 12.00
# Visual Studio Version 16
VisualStudioVersion = 16.0.29201.188
MinimumVisualStudioVersion = 10.0.40219.1
Project("{9A19103F-16F7-4668-BE54-9A1E7A4F7556}") = "generateTries.Application", "generateTries\generateTries.Application.csproj", "{AD9CFD86-444C-48D8-889E-813E650191FA}"
EndProject
Project("{9A19103F-16F7-4668-BE54-9A1E7A4F7556}") = "generateTries.Domain", "generateTries.Domain\generateTries.Domain.csproj", "{87B13BC0-D3C1-4871-8335-FCE55E9584E9}"
EndProject
Project("{FAE04EC0-301F-11D3-BF4B-00C04F79EFBC}") = "generateTries.WebApi", "generateTries.WebApi\generateTries.WebApi.csproj", "{D80BA57A-F720-41BB-BF07-114F133D28A1}"
EndProject
Global
	GlobalSection(SolutionConfigurationPlatforms) = preSolution
		Debug|Any CPU = Debug|Any CPU
		Release|Any CPU = Release|Any CPU
	EndGlobalSection
	GlobalSection(ProjectConfigurationPlatforms) = postSolution
		{AD9CFD86-444C-48D8-889E-813E650191FA}.Debug|Any CPU.ActiveCfg = Debug|Any CPU
		{AD9CFD86-444C-48D8-889E-813E650191FA}.Debug|Any CPU.Build.0 = Debug|Any CPU
		{AD9CFD86-444C-48D8-889E-813E650191FA}.Release|Any CPU.ActiveCfg = Release|Any CPU
		{AD9CFD86-444C-48D8-889E-813E650191FA}.Release|Any CPU.Build.0 = Release|Any CPU
		{87B13BC0-D3C1-4871-8335-FCE55E9584E9}.Debug|Any CPU.ActiveCfg = Debug|Any CPU
		{87B13BC0-D3C1-4871-8335-FCE55E9584E9}.Debug|Any CPU.Build.0 = Debug|Any CPU
		{87B13BC0-D3C1-4871-8335-FCE55E9584E9}.Release|Any CPU.ActiveCfg = Release|Any CPU
		{87B13BC0-D3C1-4871-8335-FCE55E9584E9}.Release|Any CPU.Build.0 = Release|Any CPU
		{D80BA57A-F720-41BB-BF07-114F133D28A1}.Debug|Any CPU.ActiveCfg = Debug|Any CPU
		{D80BA57A-F720-41BB-BF07-114F133D28A1}.Debug|Any CPU.Build.0 = Debug|Any CPU
		{D80BA57A-F720-41BB-BF07-114F133D28A1}.Release|Any CPU.ActiveCfg = Release|Any CPU
		{D80BA57A-F720-41BB-BF07-114F133D28A1}.Release|Any CPU.Build.0 = Release|Any CPU
	EndGlobalSection
	GlobalSection(SolutionProperties) = preSolution
		HideSolutionNode = FALSE
	EndGlobalSection
	GlobalSection(ExtensibilityGlobals) = postSolution
		SolutionGuid = {C23B4456-AC14-43E2-9710-10CFACEB2881}
	EndGlobalSection
EndGlobal
